
Microsoft Visual Studio Solution File, Format Version 12.00
# Visual Studio 14
VisualStudioVersion = 14.0.22512.0
MinimumVisualStudioVersion = 10.0.40219.1
Project("{FAE04EC0-301F-11D3-BF4B-00C04F79EFBC}") = "EnumComposerConsole", "EnumComposerConsole\EnumComposerConsole.csproj", "{203FFF66-B289-4E22-A1F3-610493561625}"
EndProject
Project("{FAE04EC0-301F-11D3-BF4B-00C04F79EFBC}") = "EnumComposer", "EnumComposer\EnumComposer.csproj", "{006E6350-FEB9-40D9-ABA1-951A301C69C4}"
EndProject
Project("{FAE04EC0-301F-11D3-BF4B-00C04F79EFBC}") = "Un_Composer", "UtComposer\Un_Composer.csproj", "{61401AF0-DE10-46CB-A858-82C347DC0FD3}"
EndProject
Project("{FAE04EC0-301F-11D3-BF4B-00C04F79EFBC}") = "EnumComposerVSP", "EnumComposerVSP\EnumComposerVSP.csproj", "{AF1310E8-8885-4706-AECD-A767C8156B4E}"
EndProject
Project("{2150E333-8FDC-42A3-9474-1A3956D46DE8}") = "_Licenses", "_Licenses", "{31FCD18F-928F-458E-AB08-286BC0626075}"
	ProjectSection(SolutionItems) = preProject
		Lisenses\License_CommandLineParserLibrary.txt = Lisenses\License_CommandLineParserLibrary.txt
		Lisenses\License_EnumComposer.txt = Lisenses\License_EnumComposer.txt
		Lisenses\Thanks.txt = Lisenses\Thanks.txt
	EndProjectSection
EndProject
Project("{2150E333-8FDC-42A3-9474-1A3956D46DE8}") = "_e2eTests", "_e2eTests", "{EC274A8B-E9E0-47F3-B4E5-DD9B6F7B1CAA}"
	ProjectSection(SolutionItems) = preProject
		e2eTests\01_fakedb.bat = e2eTests\01_fakedb.bat
		e2eTests\01_fakedb.txt = e2eTests\01_fakedb.txt
	EndProjectSection
EndProject
Global
	GlobalSection(SolutionConfigurationPlatforms) = preSolution
		Debug|Any CPU = Debug|Any CPU
		Debug|x86 = Debug|x86
		Release|Any CPU = Release|Any CPU
		Release|x86 = Release|x86
	EndGlobalSection
	GlobalSection(ProjectConfigurationPlatforms) = postSolution
		{203FFF66-B289-4E22-A1F3-610493561625}.Debug|Any CPU.ActiveCfg = Debug|x86
		{203FFF66-B289-4E22-A1F3-610493561625}.Debug|x86.ActiveCfg = Debug|x86
		{203FFF66-B289-4E22-A1F3-610493561625}.Debug|x86.Build.0 = Debug|x86
		{203FFF66-B289-4E22-A1F3-610493561625}.Release|Any CPU.ActiveCfg = Release|x86
		{203FFF66-B289-4E22-A1F3-610493561625}.Release|x86.ActiveCfg = Release|x86
		{203FFF66-B289-4E22-A1F3-610493561625}.Release|x86.Build.0 = Release|x86
		{006E6350-FEB9-40D9-ABA1-951A301C69C4}.Debug|Any CPU.ActiveCfg = Debug|Any CPU
		{006E6350-FEB9-40D9-ABA1-951A301C69C4}.Debug|Any CPU.Build.0 = Debug|Any CPU
		{006E6350-FEB9-40D9-ABA1-951A301C69C4}.Debug|x86.ActiveCfg = Debug|Any CPU
		{006E6350-FEB9-40D9-ABA1-951A301C69C4}.Debug|x86.Build.0 = Debug|Any CPU
		{006E6350-FEB9-40D9-ABA1-951A301C69C4}.Release|Any CPU.ActiveCfg = Release|Any CPU
		{006E6350-FEB9-40D9-ABA1-951A301C69C4}.Release|Any CPU.Build.0 = Release|Any CPU
		{006E6350-FEB9-40D9-ABA1-951A301C69C4}.Release|x86.ActiveCfg = Release|Any CPU
		{006E6350-FEB9-40D9-ABA1-951A301C69C4}.Release|x86.Build.0 = Release|Any CPU
		{61401AF0-DE10-46CB-A858-82C347DC0FD3}.Debug|Any CPU.ActiveCfg = Debug|Any CPU
		{61401AF0-DE10-46CB-A858-82C347DC0FD3}.Debug|Any CPU.Build.0 = Debug|Any CPU
		{61401AF0-DE10-46CB-A858-82C347DC0FD3}.Debug|x86.ActiveCfg = Debug|Any CPU
		{61401AF0-DE10-46CB-A858-82C347DC0FD3}.Debug|x86.Build.0 = Debug|Any CPU
		{61401AF0-DE10-46CB-A858-82C347DC0FD3}.Release|Any CPU.ActiveCfg = Release|Any CPU
		{61401AF0-DE10-46CB-A858-82C347DC0FD3}.Release|Any CPU.Build.0 = Release|Any CPU
		{61401AF0-DE10-46CB-A858-82C347DC0FD3}.Release|x86.ActiveCfg = Release|Any CPU
		{61401AF0-DE10-46CB-A858-82C347DC0FD3}.Release|x86.Build.0 = Release|Any CPU
		{AF1310E8-8885-4706-AECD-A767C8156B4E}.Debug|Any CPU.ActiveCfg = Debug|Any CPU
		{AF1310E8-8885-4706-AECD-A767C8156B4E}.Debug|Any CPU.Build.0 = Debug|Any CPU
		{AF1310E8-8885-4706-AECD-A767C8156B4E}.Debug|x86.ActiveCfg = Debug|Any CPU
		{AF1310E8-8885-4706-AECD-A767C8156B4E}.Debug|x86.Build.0 = Debug|Any CPU
		{AF1310E8-8885-4706-AECD-A767C8156B4E}.Release|Any CPU.ActiveCfg = Release|Any CPU
		{AF1310E8-8885-4706-AECD-A767C8156B4E}.Release|Any CPU.Build.0 = Release|Any CPU
		{AF1310E8-8885-4706-AECD-A767C8156B4E}.Release|x86.ActiveCfg = Release|Any CPU
		{AF1310E8-8885-4706-AECD-A767C8156B4E}.Release|x86.Build.0 = Release|Any CPU
	EndGlobalSection
	GlobalSection(SolutionProperties) = preSolution
		HideSolutionNode = FALSE
	EndGlobalSection
EndGlobal
