
Microsoft Visual Studio Solution File, Format Version 12.00
# Visual Studio 14
VisualStudioVersion = 14.0.22512.0
MinimumVisualStudioVersion = 10.0.40219.1
Project("{FAE04EC0-301F-11D3-BF4B-00C04F79EFBC}") = "VSPTestModelApplication", "VSPTestModelApplication\VSPTestModelApplication.csproj", "{2B7A9986-3EE2-47F8-A29C-4F8C1B6F8A52}"
EndProject
Project("{FAE04EC0-301F-11D3-BF4B-00C04F79EFBC}") = "VSPTestModelAppLib", "VSPTestModelAppLib\VSPTestModelAppLib.csproj", "{846DB747-63A1-43C7-AE05-80BF44C55D1F}"
EndProject
Global
	GlobalSection(SolutionConfigurationPlatforms) = preSolution
		Debug|Any CPU = Debug|Any CPU
		Release|Any CPU = Release|Any CPU
	EndGlobalSection
	GlobalSection(ProjectConfigurationPlatforms) = postSolution
		{2B7A9986-3EE2-47F8-A29C-4F8C1B6F8A52}.Debug|Any CPU.ActiveCfg = Debug|Any CPU
		{2B7A9986-3EE2-47F8-A29C-4F8C1B6F8A52}.Debug|Any CPU.Build.0 = Debug|Any CPU
		{2B7A9986-3EE2-47F8-A29C-4F8C1B6F8A52}.Release|Any CPU.ActiveCfg = Release|Any CPU
		{2B7A9986-3EE2-47F8-A29C-4F8C1B6F8A52}.Release|Any CPU.Build.0 = Release|Any CPU
		{846DB747-63A1-43C7-AE05-80BF44C55D1F}.Debug|Any CPU.ActiveCfg = Debug|Any CPU
		{846DB747-63A1-43C7-AE05-80BF44C55D1F}.Debug|Any CPU.Build.0 = Debug|Any CPU
		{846DB747-63A1-43C7-AE05-80BF44C55D1F}.Release|Any CPU.ActiveCfg = Release|Any CPU
		{846DB747-63A1-43C7-AE05-80BF44C55D1F}.Release|Any CPU.Build.0 = Release|Any CPU
	EndGlobalSection
	GlobalSection(SolutionProperties) = preSolution
		HideSolutionNode = FALSE
	EndGlobalSection
EndGlobal
